
Microsoft Visual Studio Solution File, Format Version 12.00
# Visual Studio Version 16
VisualStudioVersion = 16.0.29001.49
MinimumVisualStudioVersion = 10.0.40219.1
Project("{FAE04EC0-301F-11D3-BF4B-00C04F79EFBC}") = "AreaFiguras", "AreaFiguras\AreaFiguras.csproj", "{091D7DCE-2757-4BE3-8C95-EC1646BCA4AB}"
EndProject
Global
	GlobalSection(SolutionConfigurationPlatforms) = preSolution
		Debug|Any CPU = Debug|Any CPU
		Release|Any CPU = Release|Any CPU
	EndGlobalSection
	GlobalSection(ProjectConfigurationPlatforms) = postSolution
		{091D7DCE-2757-4BE3-8C95-EC1646BCA4AB}.Debug|Any CPU.ActiveCfg = Debug|Any CPU
		{091D7DCE-2757-4BE3-8C95-EC1646BCA4AB}.Debug|Any CPU.Build.0 = Debug|Any CPU
		{091D7DCE-2757-4BE3-8C95-EC1646BCA4AB}.Release|Any CPU.ActiveCfg = Release|Any CPU
		{091D7DCE-2757-4BE3-8C95-EC1646BCA4AB}.Release|Any CPU.Build.0 = Release|Any CPU
	EndGlobalSection
	GlobalSection(SolutionProperties) = preSolution
		HideSolutionNode = FALSE
	EndGlobalSection
	GlobalSection(ExtensibilityGlobals) = postSolution
		SolutionGuid = {2C360E9A-7A1F-4984-A29F-32CAA6436EA4}
	EndGlobalSection
EndGlobal
